
Microsoft Visual Studio Solution File, Format Version 12.00
# Visual Studio Version 17
VisualStudioVersion = 17.3.32825.248
MinimumVisualStudioVersion = 10.0.40219.1
Project("{FAE04EC0-301F-11D3-BF4B-00C04F79EFBC}") = "kartkowkaXamarin2.Android", "kartkowkaXamarin2.Android\kartkowkaXamarin2.Android.csproj", "{20AB0EE0-ED7E-424A-AEB6-BDA8CD7DBA98}"
EndProject
Project("{FAE04EC0-301F-11D3-BF4B-00C04F79EFBC}") = "kartkowkaXamarin2", "kartkowkaXamarin2\kartkowkaXamarin2.csproj", "{9AC168DA-EA47-4569-BE10-2172DF83554A}"
EndProject
Global
	GlobalSection(SolutionConfigurationPlatforms) = preSolution
		Debug|Any CPU = Debug|Any CPU
		Release|Any CPU = Release|Any CPU
	EndGlobalSection
	GlobalSection(ProjectConfigurationPlatforms) = postSolution
		{20AB0EE0-ED7E-424A-AEB6-BDA8CD7DBA98}.Debug|Any CPU.ActiveCfg = Debug|Any CPU
		{20AB0EE0-ED7E-424A-AEB6-BDA8CD7DBA98}.Debug|Any CPU.Build.0 = Debug|Any CPU
		{20AB0EE0-ED7E-424A-AEB6-BDA8CD7DBA98}.Debug|Any CPU.Deploy.0 = Debug|Any CPU
		{20AB0EE0-ED7E-424A-AEB6-BDA8CD7DBA98}.Release|Any CPU.ActiveCfg = Release|Any CPU
		{20AB0EE0-ED7E-424A-AEB6-BDA8CD7DBA98}.Release|Any CPU.Build.0 = Release|Any CPU
		{20AB0EE0-ED7E-424A-AEB6-BDA8CD7DBA98}.Release|Any CPU.Deploy.0 = Release|Any CPU
		{9AC168DA-EA47-4569-BE10-2172DF83554A}.Debug|Any CPU.ActiveCfg = Debug|Any CPU
		{9AC168DA-EA47-4569-BE10-2172DF83554A}.Debug|Any CPU.Build.0 = Debug|Any CPU
		{9AC168DA-EA47-4569-BE10-2172DF83554A}.Debug|Any CPU.Deploy.0 = Debug|Any CPU
		{9AC168DA-EA47-4569-BE10-2172DF83554A}.Release|Any CPU.ActiveCfg = Release|Any CPU
		{9AC168DA-EA47-4569-BE10-2172DF83554A}.Release|Any CPU.Build.0 = Release|Any CPU
		{9AC168DA-EA47-4569-BE10-2172DF83554A}.Release|Any CPU.Deploy.0 = Release|Any CPU
	EndGlobalSection
	GlobalSection(SolutionProperties) = preSolution
		HideSolutionNode = FALSE
	EndGlobalSection
	GlobalSection(ExtensibilityGlobals) = postSolution
		SolutionGuid = {79B82A4B-3549-4470-B1F5-3FC0BF6C3245}
	EndGlobalSection
EndGlobal
