
Microsoft Visual Studio Solution File, Format Version 12.00
# Visual Studio Version 17
VisualStudioVersion = 17.3.32825.248
MinimumVisualStudioVersion = 10.0.40219.1
Project("{FAE04EC0-301F-11D3-BF4B-00C04F79EFBC}") = "BankWPF", "BankWPF.csproj", "{F058DE6E-E2CB-41C6-B776-A843FB96BBE5}"
EndProject
Global
	GlobalSection(SolutionConfigurationPlatforms) = preSolution
		Debug|Any CPU = Debug|Any CPU
		Release|Any CPU = Release|Any CPU
	EndGlobalSection
	GlobalSection(ProjectConfigurationPlatforms) = postSolution
		{F058DE6E-E2CB-41C6-B776-A843FB96BBE5}.Debug|Any CPU.ActiveCfg = Debug|Any CPU
		{F058DE6E-E2CB-41C6-B776-A843FB96BBE5}.Debug|Any CPU.Build.0 = Debug|Any CPU
		{F058DE6E-E2CB-41C6-B776-A843FB96BBE5}.Release|Any CPU.ActiveCfg = Release|Any CPU
		{F058DE6E-E2CB-41C6-B776-A843FB96BBE5}.Release|Any CPU.Build.0 = Release|Any CPU
	EndGlobalSection
	GlobalSection(SolutionProperties) = preSolution
		HideSolutionNode = FALSE
	EndGlobalSection
	GlobalSection(ExtensibilityGlobals) = postSolution
		SolutionGuid = {971E56A9-A98A-43BF-BF57-210568AB8D26}
	EndGlobalSection
EndGlobal
