
Microsoft Visual Studio Solution File, Format Version 12.00
# Visual Studio Version 17
VisualStudioVersion = 17.3.32825.248
MinimumVisualStudioVersion = 10.0.40219.1
Project("{FAE04EC0-301F-11D3-BF4B-00C04F79EFBC}") = "xamarinPosty.Android", "xamarinPosty.Android\xamarinPosty.Android.csproj", "{D4E92437-ED5A-4F8E-AF3D-D7637802F501}"
EndProject
Project("{FAE04EC0-301F-11D3-BF4B-00C04F79EFBC}") = "xamarinPosty", "xamarinPosty\xamarinPosty.csproj", "{38CAB3CE-0A44-448F-8083-7CD0CDE498EF}"
EndProject
Global
	GlobalSection(SolutionConfigurationPlatforms) = preSolution
		Debug|Any CPU = Debug|Any CPU
		Release|Any CPU = Release|Any CPU
	EndGlobalSection
	GlobalSection(ProjectConfigurationPlatforms) = postSolution
		{D4E92437-ED5A-4F8E-AF3D-D7637802F501}.Debug|Any CPU.ActiveCfg = Debug|Any CPU
		{D4E92437-ED5A-4F8E-AF3D-D7637802F501}.Debug|Any CPU.Build.0 = Debug|Any CPU
		{D4E92437-ED5A-4F8E-AF3D-D7637802F501}.Debug|Any CPU.Deploy.0 = Debug|Any CPU
		{D4E92437-ED5A-4F8E-AF3D-D7637802F501}.Release|Any CPU.ActiveCfg = Release|Any CPU
		{D4E92437-ED5A-4F8E-AF3D-D7637802F501}.Release|Any CPU.Build.0 = Release|Any CPU
		{D4E92437-ED5A-4F8E-AF3D-D7637802F501}.Release|Any CPU.Deploy.0 = Release|Any CPU
		{38CAB3CE-0A44-448F-8083-7CD0CDE498EF}.Debug|Any CPU.ActiveCfg = Debug|Any CPU
		{38CAB3CE-0A44-448F-8083-7CD0CDE498EF}.Debug|Any CPU.Build.0 = Debug|Any CPU
		{38CAB3CE-0A44-448F-8083-7CD0CDE498EF}.Debug|Any CPU.Deploy.0 = Debug|Any CPU
		{38CAB3CE-0A44-448F-8083-7CD0CDE498EF}.Release|Any CPU.ActiveCfg = Release|Any CPU
		{38CAB3CE-0A44-448F-8083-7CD0CDE498EF}.Release|Any CPU.Build.0 = Release|Any CPU
		{38CAB3CE-0A44-448F-8083-7CD0CDE498EF}.Release|Any CPU.Deploy.0 = Release|Any CPU
	EndGlobalSection
	GlobalSection(SolutionProperties) = preSolution
		HideSolutionNode = FALSE
	EndGlobalSection
	GlobalSection(ExtensibilityGlobals) = postSolution
		SolutionGuid = {F2E35430-0681-4165-9DD4-4063BE230484}
	EndGlobalSection
EndGlobal
