
Microsoft Visual Studio Solution File, Format Version 12.00
# Visual Studio Version 17
VisualStudioVersion = 17.3.32825.248
MinimumVisualStudioVersion = 10.0.40219.1
Project("{FAE04EC0-301F-11D3-BF4B-00C04F79EFBC}") = "wpf_podstawy_09-19", "wpf_podstawy_09-19.csproj", "{C14AD764-EC0E-43C0-903D-C16E0AF25310}"
EndProject
Global
	GlobalSection(SolutionConfigurationPlatforms) = preSolution
		Debug|Any CPU = Debug|Any CPU
		Release|Any CPU = Release|Any CPU
	EndGlobalSection
	GlobalSection(ProjectConfigurationPlatforms) = postSolution
		{C14AD764-EC0E-43C0-903D-C16E0AF25310}.Debug|Any CPU.ActiveCfg = Debug|Any CPU
		{C14AD764-EC0E-43C0-903D-C16E0AF25310}.Debug|Any CPU.Build.0 = Debug|Any CPU
		{C14AD764-EC0E-43C0-903D-C16E0AF25310}.Release|Any CPU.ActiveCfg = Release|Any CPU
		{C14AD764-EC0E-43C0-903D-C16E0AF25310}.Release|Any CPU.Build.0 = Release|Any CPU
	EndGlobalSection
	GlobalSection(SolutionProperties) = preSolution
		HideSolutionNode = FALSE
	EndGlobalSection
	GlobalSection(ExtensibilityGlobals) = postSolution
		SolutionGuid = {57AEBFEA-2F2F-40C9-8479-8F76CA7B9D9C}
	EndGlobalSection
EndGlobal
