
Microsoft Visual Studio Solution File, Format Version 12.00
# Visual Studio Version 17
VisualStudioVersion = 17.3.32825.248
MinimumVisualStudioVersion = 10.0.40219.1
Project("{FAE04EC0-301F-11D3-BF4B-00C04F79EFBC}") = "kartkowkaStyleWPF", "kartkowkaStyleWPF.csproj", "{57C4EE77-39A5-4875-B1A9-2B61471F98FE}"
EndProject
Global
	GlobalSection(SolutionConfigurationPlatforms) = preSolution
		Debug|Any CPU = Debug|Any CPU
		Release|Any CPU = Release|Any CPU
	EndGlobalSection
	GlobalSection(ProjectConfigurationPlatforms) = postSolution
		{57C4EE77-39A5-4875-B1A9-2B61471F98FE}.Debug|Any CPU.ActiveCfg = Debug|Any CPU
		{57C4EE77-39A5-4875-B1A9-2B61471F98FE}.Debug|Any CPU.Build.0 = Debug|Any CPU
		{57C4EE77-39A5-4875-B1A9-2B61471F98FE}.Release|Any CPU.ActiveCfg = Release|Any CPU
		{57C4EE77-39A5-4875-B1A9-2B61471F98FE}.Release|Any CPU.Build.0 = Release|Any CPU
	EndGlobalSection
	GlobalSection(SolutionProperties) = preSolution
		HideSolutionNode = FALSE
	EndGlobalSection
	GlobalSection(ExtensibilityGlobals) = postSolution
		SolutionGuid = {10B47C58-D5BA-4940-BDC1-9D40A87BBB2A}
	EndGlobalSection
EndGlobal
