
Microsoft Visual Studio Solution File, Format Version 12.00
# Visual Studio Version 17
VisualStudioVersion = 17.3.32825.248
MinimumVisualStudioVersion = 10.0.40219.1
Project("{FAE04EC0-301F-11D3-BF4B-00C04F79EFBC}") = "egzaminMobilna.Android", "egzaminMobilna.Android\egzaminMobilna.Android.csproj", "{772627AD-99A7-4BB2-964F-3C13B047D670}"
EndProject
Project("{FAE04EC0-301F-11D3-BF4B-00C04F79EFBC}") = "egzaminMobilna.iOS", "egzaminMobilna.iOS\egzaminMobilna.iOS.csproj", "{390D58ED-839F-4617-979A-EB02B8C24B94}"
EndProject
Project("{FAE04EC0-301F-11D3-BF4B-00C04F79EFBC}") = "egzaminMobilna", "egzaminMobilna\egzaminMobilna.csproj", "{398A768D-3797-4957-A3EA-C22FAB028A0C}"
EndProject
Global
	GlobalSection(SolutionConfigurationPlatforms) = preSolution
		Debug|Any CPU = Debug|Any CPU
		Debug|iPhone = Debug|iPhone
		Debug|iPhoneSimulator = Debug|iPhoneSimulator
		Release|Any CPU = Release|Any CPU
		Release|iPhone = Release|iPhone
		Release|iPhoneSimulator = Release|iPhoneSimulator
	EndGlobalSection
	GlobalSection(ProjectConfigurationPlatforms) = postSolution
		{772627AD-99A7-4BB2-964F-3C13B047D670}.Debug|Any CPU.ActiveCfg = Debug|Any CPU
		{772627AD-99A7-4BB2-964F-3C13B047D670}.Debug|Any CPU.Build.0 = Debug|Any CPU
		{772627AD-99A7-4BB2-964F-3C13B047D670}.Debug|Any CPU.Deploy.0 = Debug|Any CPU
		{772627AD-99A7-4BB2-964F-3C13B047D670}.Debug|iPhone.ActiveCfg = Debug|Any CPU
		{772627AD-99A7-4BB2-964F-3C13B047D670}.Debug|iPhone.Build.0 = Debug|Any CPU
		{772627AD-99A7-4BB2-964F-3C13B047D670}.Debug|iPhone.Deploy.0 = Debug|Any CPU
		{772627AD-99A7-4BB2-964F-3C13B047D670}.Debug|iPhoneSimulator.ActiveCfg = Debug|Any CPU
		{772627AD-99A7-4BB2-964F-3C13B047D670}.Debug|iPhoneSimulator.Build.0 = Debug|Any CPU
		{772627AD-99A7-4BB2-964F-3C13B047D670}.Debug|iPhoneSimulator.Deploy.0 = Debug|Any CPU
		{772627AD-99A7-4BB2-964F-3C13B047D670}.Release|Any CPU.ActiveCfg = Release|Any CPU
		{772627AD-99A7-4BB2-964F-3C13B047D670}.Release|Any CPU.Build.0 = Release|Any CPU
		{772627AD-99A7-4BB2-964F-3C13B047D670}.Release|Any CPU.Deploy.0 = Release|Any CPU
		{772627AD-99A7-4BB2-964F-3C13B047D670}.Release|iPhone.ActiveCfg = Release|Any CPU
		{772627AD-99A7-4BB2-964F-3C13B047D670}.Release|iPhone.Build.0 = Release|Any CPU
		{772627AD-99A7-4BB2-964F-3C13B047D670}.Release|iPhone.Deploy.0 = Release|Any CPU
		{772627AD-99A7-4BB2-964F-3C13B047D670}.Release|iPhoneSimulator.ActiveCfg = Release|Any CPU
		{772627AD-99A7-4BB2-964F-3C13B047D670}.Release|iPhoneSimulator.Build.0 = Release|Any CPU
		{772627AD-99A7-4BB2-964F-3C13B047D670}.Release|iPhoneSimulator.Deploy.0 = Release|Any CPU
		{390D58ED-839F-4617-979A-EB02B8C24B94}.Debug|Any CPU.ActiveCfg = Debug|iPhone
		{390D58ED-839F-4617-979A-EB02B8C24B94}.Debug|Any CPU.Build.0 = Debug|iPhone
		{390D58ED-839F-4617-979A-EB02B8C24B94}.Debug|Any CPU.Deploy.0 = Debug|iPhone
		{390D58ED-839F-4617-979A-EB02B8C24B94}.Debug|iPhone.ActiveCfg = Debug|iPhone
		{390D58ED-839F-4617-979A-EB02B8C24B94}.Debug|iPhone.Build.0 = Debug|iPhone
		{390D58ED-839F-4617-979A-EB02B8C24B94}.Debug|iPhone.Deploy.0 = Debug|iPhone
		{390D58ED-839F-4617-979A-EB02B8C24B94}.Debug|iPhoneSimulator.ActiveCfg = Debug|iPhoneSimulator
		{390D58ED-839F-4617-979A-EB02B8C24B94}.Debug|iPhoneSimulator.Build.0 = Debug|iPhoneSimulator
		{390D58ED-839F-4617-979A-EB02B8C24B94}.Debug|iPhoneSimulator.Deploy.0 = Debug|iPhoneSimulator
		{390D58ED-839F-4617-979A-EB02B8C24B94}.Release|Any CPU.ActiveCfg = Release|iPhoneSimulator
		{390D58ED-839F-4617-979A-EB02B8C24B94}.Release|Any CPU.Build.0 = Release|iPhoneSimulator
		{390D58ED-839F-4617-979A-EB02B8C24B94}.Release|Any CPU.Deploy.0 = Release|iPhoneSimulator
		{390D58ED-839F-4617-979A-EB02B8C24B94}.Release|iPhone.ActiveCfg = Release|iPhone
		{390D58ED-839F-4617-979A-EB02B8C24B94}.Release|iPhone.Build.0 = Release|iPhone
		{390D58ED-839F-4617-979A-EB02B8C24B94}.Release|iPhone.Deploy.0 = Release|iPhone
		{390D58ED-839F-4617-979A-EB02B8C24B94}.Release|iPhoneSimulator.ActiveCfg = Release|iPhoneSimulator
		{390D58ED-839F-4617-979A-EB02B8C24B94}.Release|iPhoneSimulator.Build.0 = Release|iPhoneSimulator
		{390D58ED-839F-4617-979A-EB02B8C24B94}.Release|iPhoneSimulator.Deploy.0 = Release|iPhoneSimulator
		{398A768D-3797-4957-A3EA-C22FAB028A0C}.Debug|Any CPU.ActiveCfg = Debug|Any CPU
		{398A768D-3797-4957-A3EA-C22FAB028A0C}.Debug|Any CPU.Build.0 = Debug|Any CPU
		{398A768D-3797-4957-A3EA-C22FAB028A0C}.Debug|Any CPU.Deploy.0 = Debug|Any CPU
		{398A768D-3797-4957-A3EA-C22FAB028A0C}.Debug|iPhone.ActiveCfg = Debug|Any CPU
		{398A768D-3797-4957-A3EA-C22FAB028A0C}.Debug|iPhone.Build.0 = Debug|Any CPU
		{398A768D-3797-4957-A3EA-C22FAB028A0C}.Debug|iPhone.Deploy.0 = Debug|Any CPU
		{398A768D-3797-4957-A3EA-C22FAB028A0C}.Debug|iPhoneSimulator.ActiveCfg = Debug|Any CPU
		{398A768D-3797-4957-A3EA-C22FAB028A0C}.Debug|iPhoneSimulator.Build.0 = Debug|Any CPU
		{398A768D-3797-4957-A3EA-C22FAB028A0C}.Debug|iPhoneSimulator.Deploy.0 = Debug|Any CPU
		{398A768D-3797-4957-A3EA-C22FAB028A0C}.Release|Any CPU.ActiveCfg = Release|Any CPU
		{398A768D-3797-4957-A3EA-C22FAB028A0C}.Release|Any CPU.Build.0 = Release|Any CPU
		{398A768D-3797-4957-A3EA-C22FAB028A0C}.Release|Any CPU.Deploy.0 = Release|Any CPU
		{398A768D-3797-4957-A3EA-C22FAB028A0C}.Release|iPhone.ActiveCfg = Release|Any CPU
		{398A768D-3797-4957-A3EA-C22FAB028A0C}.Release|iPhone.Build.0 = Release|Any CPU
		{398A768D-3797-4957-A3EA-C22FAB028A0C}.Release|iPhone.Deploy.0 = Release|Any CPU
		{398A768D-3797-4957-A3EA-C22FAB028A0C}.Release|iPhoneSimulator.ActiveCfg = Release|Any CPU
		{398A768D-3797-4957-A3EA-C22FAB028A0C}.Release|iPhoneSimulator.Build.0 = Release|Any CPU
		{398A768D-3797-4957-A3EA-C22FAB028A0C}.Release|iPhoneSimulator.Deploy.0 = Release|Any CPU
	EndGlobalSection
	GlobalSection(SolutionProperties) = preSolution
		HideSolutionNode = FALSE
	EndGlobalSection
	GlobalSection(ExtensibilityGlobals) = postSolution
		SolutionGuid = {740CC855-BED6-4D49-B572-9A420C5D853F}
	EndGlobalSection
EndGlobal
