
Microsoft Visual Studio Solution File, Format Version 12.00
# Visual Studio Version 17
VisualStudioVersion = 17.3.32825.248
MinimumVisualStudioVersion = 10.0.40219.1
Project("{FAE04EC0-301F-11D3-BF4B-00C04F79EFBC}") = "AbsoluteLayout.Android", "AbsoluteLayout.Android\AbsoluteLayout.Android.csproj", "{BC9848D6-F680-4B04-9474-547EF380A40F}"
EndProject
Project("{FAE04EC0-301F-11D3-BF4B-00C04F79EFBC}") = "AbsoluteLayout", "AbsoluteLayout\AbsoluteLayout.csproj", "{99A24021-253F-40FE-9739-9E74B91DAEA6}"
EndProject
Global
	GlobalSection(SolutionConfigurationPlatforms) = preSolution
		Debug|Any CPU = Debug|Any CPU
		Release|Any CPU = Release|Any CPU
	EndGlobalSection
	GlobalSection(ProjectConfigurationPlatforms) = postSolution
		{BC9848D6-F680-4B04-9474-547EF380A40F}.Debug|Any CPU.ActiveCfg = Debug|Any CPU
		{BC9848D6-F680-4B04-9474-547EF380A40F}.Debug|Any CPU.Build.0 = Debug|Any CPU
		{BC9848D6-F680-4B04-9474-547EF380A40F}.Debug|Any CPU.Deploy.0 = Debug|Any CPU
		{BC9848D6-F680-4B04-9474-547EF380A40F}.Release|Any CPU.ActiveCfg = Release|Any CPU
		{BC9848D6-F680-4B04-9474-547EF380A40F}.Release|Any CPU.Build.0 = Release|Any CPU
		{BC9848D6-F680-4B04-9474-547EF380A40F}.Release|Any CPU.Deploy.0 = Release|Any CPU
		{99A24021-253F-40FE-9739-9E74B91DAEA6}.Debug|Any CPU.ActiveCfg = Debug|Any CPU
		{99A24021-253F-40FE-9739-9E74B91DAEA6}.Debug|Any CPU.Build.0 = Debug|Any CPU
		{99A24021-253F-40FE-9739-9E74B91DAEA6}.Debug|Any CPU.Deploy.0 = Debug|Any CPU
		{99A24021-253F-40FE-9739-9E74B91DAEA6}.Release|Any CPU.ActiveCfg = Release|Any CPU
		{99A24021-253F-40FE-9739-9E74B91DAEA6}.Release|Any CPU.Build.0 = Release|Any CPU
		{99A24021-253F-40FE-9739-9E74B91DAEA6}.Release|Any CPU.Deploy.0 = Release|Any CPU
	EndGlobalSection
	GlobalSection(SolutionProperties) = preSolution
		HideSolutionNode = FALSE
	EndGlobalSection
	GlobalSection(ExtensibilityGlobals) = postSolution
		SolutionGuid = {FE2EF4C4-7760-4CDE-AF36-38A65BD6DD0C}
	EndGlobalSection
EndGlobal
