
Microsoft Visual Studio Solution File, Format Version 12.00
# Visual Studio Version 17
VisualStudioVersion = 17.3.32825.248
MinimumVisualStudioVersion = 10.0.40219.1
Project("{FAE04EC0-301F-11D3-BF4B-00C04F79EFBC}") = "kartkowkaXamarin.Android", "kartkowkaXamarin.Android\kartkowkaXamarin.Android.csproj", "{0C8A6233-C69B-4C26-BC03-1E8AB824B6DB}"
EndProject
Project("{FAE04EC0-301F-11D3-BF4B-00C04F79EFBC}") = "kartkowkaXamarin", "kartkowkaXamarin\kartkowkaXamarin.csproj", "{47FF0929-D18D-470A-8CF6-B958D5FA6548}"
EndProject
Global
	GlobalSection(SolutionConfigurationPlatforms) = preSolution
		Debug|Any CPU = Debug|Any CPU
		Release|Any CPU = Release|Any CPU
	EndGlobalSection
	GlobalSection(ProjectConfigurationPlatforms) = postSolution
		{0C8A6233-C69B-4C26-BC03-1E8AB824B6DB}.Debug|Any CPU.ActiveCfg = Debug|Any CPU
		{0C8A6233-C69B-4C26-BC03-1E8AB824B6DB}.Debug|Any CPU.Build.0 = Debug|Any CPU
		{0C8A6233-C69B-4C26-BC03-1E8AB824B6DB}.Debug|Any CPU.Deploy.0 = Debug|Any CPU
		{0C8A6233-C69B-4C26-BC03-1E8AB824B6DB}.Release|Any CPU.ActiveCfg = Release|Any CPU
		{0C8A6233-C69B-4C26-BC03-1E8AB824B6DB}.Release|Any CPU.Build.0 = Release|Any CPU
		{0C8A6233-C69B-4C26-BC03-1E8AB824B6DB}.Release|Any CPU.Deploy.0 = Release|Any CPU
		{47FF0929-D18D-470A-8CF6-B958D5FA6548}.Debug|Any CPU.ActiveCfg = Debug|Any CPU
		{47FF0929-D18D-470A-8CF6-B958D5FA6548}.Debug|Any CPU.Build.0 = Debug|Any CPU
		{47FF0929-D18D-470A-8CF6-B958D5FA6548}.Debug|Any CPU.Deploy.0 = Debug|Any CPU
		{47FF0929-D18D-470A-8CF6-B958D5FA6548}.Release|Any CPU.ActiveCfg = Release|Any CPU
		{47FF0929-D18D-470A-8CF6-B958D5FA6548}.Release|Any CPU.Build.0 = Release|Any CPU
		{47FF0929-D18D-470A-8CF6-B958D5FA6548}.Release|Any CPU.Deploy.0 = Release|Any CPU
	EndGlobalSection
	GlobalSection(SolutionProperties) = preSolution
		HideSolutionNode = FALSE
	EndGlobalSection
	GlobalSection(ExtensibilityGlobals) = postSolution
		SolutionGuid = {9349155F-2D47-4AA8-8A54-6595510B7966}
	EndGlobalSection
EndGlobal
