
Microsoft Visual Studio Solution File, Format Version 12.00
# Visual Studio Version 17
VisualStudioVersion = 17.3.32825.248
MinimumVisualStudioVersion = 10.0.40219.1
Project("{FAE04EC0-301F-11D3-BF4B-00C04F79EFBC}") = "Pages.Android", "Pages.Android\Pages.Android.csproj", "{CC4DA5A6-D282-432B-9BFC-FD7B2893821D}"
EndProject
Project("{FAE04EC0-301F-11D3-BF4B-00C04F79EFBC}") = "Pages", "Pages\Pages.csproj", "{4FF59744-8C30-4544-9310-FEE25BF34007}"
EndProject
Global
	GlobalSection(SolutionConfigurationPlatforms) = preSolution
		Debug|Any CPU = Debug|Any CPU
		Release|Any CPU = Release|Any CPU
	EndGlobalSection
	GlobalSection(ProjectConfigurationPlatforms) = postSolution
		{CC4DA5A6-D282-432B-9BFC-FD7B2893821D}.Debug|Any CPU.ActiveCfg = Debug|Any CPU
		{CC4DA5A6-D282-432B-9BFC-FD7B2893821D}.Debug|Any CPU.Build.0 = Debug|Any CPU
		{CC4DA5A6-D282-432B-9BFC-FD7B2893821D}.Debug|Any CPU.Deploy.0 = Debug|Any CPU
		{CC4DA5A6-D282-432B-9BFC-FD7B2893821D}.Release|Any CPU.ActiveCfg = Release|Any CPU
		{CC4DA5A6-D282-432B-9BFC-FD7B2893821D}.Release|Any CPU.Build.0 = Release|Any CPU
		{CC4DA5A6-D282-432B-9BFC-FD7B2893821D}.Release|Any CPU.Deploy.0 = Release|Any CPU
		{4FF59744-8C30-4544-9310-FEE25BF34007}.Debug|Any CPU.ActiveCfg = Debug|Any CPU
		{4FF59744-8C30-4544-9310-FEE25BF34007}.Debug|Any CPU.Build.0 = Debug|Any CPU
		{4FF59744-8C30-4544-9310-FEE25BF34007}.Debug|Any CPU.Deploy.0 = Debug|Any CPU
		{4FF59744-8C30-4544-9310-FEE25BF34007}.Release|Any CPU.ActiveCfg = Release|Any CPU
		{4FF59744-8C30-4544-9310-FEE25BF34007}.Release|Any CPU.Build.0 = Release|Any CPU
		{4FF59744-8C30-4544-9310-FEE25BF34007}.Release|Any CPU.Deploy.0 = Release|Any CPU
	EndGlobalSection
	GlobalSection(SolutionProperties) = preSolution
		HideSolutionNode = FALSE
	EndGlobalSection
	GlobalSection(ExtensibilityGlobals) = postSolution
		SolutionGuid = {FB0A20F1-E32D-41E5-8E02-A2C1E227FD97}
	EndGlobalSection
EndGlobal
