
Microsoft Visual Studio Solution File, Format Version 12.00
# Visual Studio Version 17
VisualStudioVersion = 17.3.32825.248
MinimumVisualStudioVersion = 10.0.40219.1
Project("{FAE04EC0-301F-11D3-BF4B-00C04F79EFBC}") = "egzaminKonsolowa", "egzaminKonsolowa.csproj", "{3E22D293-20F7-4DF3-9FCA-3903BBF34104}"
EndProject
Global
	GlobalSection(SolutionConfigurationPlatforms) = preSolution
		Debug|Any CPU = Debug|Any CPU
		Release|Any CPU = Release|Any CPU
	EndGlobalSection
	GlobalSection(ProjectConfigurationPlatforms) = postSolution
		{3E22D293-20F7-4DF3-9FCA-3903BBF34104}.Debug|Any CPU.ActiveCfg = Debug|Any CPU
		{3E22D293-20F7-4DF3-9FCA-3903BBF34104}.Debug|Any CPU.Build.0 = Debug|Any CPU
		{3E22D293-20F7-4DF3-9FCA-3903BBF34104}.Release|Any CPU.ActiveCfg = Release|Any CPU
		{3E22D293-20F7-4DF3-9FCA-3903BBF34104}.Release|Any CPU.Build.0 = Release|Any CPU
	EndGlobalSection
	GlobalSection(SolutionProperties) = preSolution
		HideSolutionNode = FALSE
	EndGlobalSection
	GlobalSection(ExtensibilityGlobals) = postSolution
		SolutionGuid = {44A38534-92FF-4BA3-95A6-158C0DEA5A69}
	EndGlobalSection
EndGlobal
