
Microsoft Visual Studio Solution File, Format Version 12.00
# Visual Studio Version 17
VisualStudioVersion = 17.3.32825.248
MinimumVisualStudioVersion = 10.0.40219.1
Project("{FAE04EC0-301F-11D3-BF4B-00C04F79EFBC}") = "ToDoList", "ToDoList.csproj", "{C8DB1847-F27D-431B-BECC-57A4A40DAD3E}"
EndProject
Global
	GlobalSection(SolutionConfigurationPlatforms) = preSolution
		Debug|Any CPU = Debug|Any CPU
		Release|Any CPU = Release|Any CPU
	EndGlobalSection
	GlobalSection(ProjectConfigurationPlatforms) = postSolution
		{C8DB1847-F27D-431B-BECC-57A4A40DAD3E}.Debug|Any CPU.ActiveCfg = Debug|Any CPU
		{C8DB1847-F27D-431B-BECC-57A4A40DAD3E}.Debug|Any CPU.Build.0 = Debug|Any CPU
		{C8DB1847-F27D-431B-BECC-57A4A40DAD3E}.Release|Any CPU.ActiveCfg = Release|Any CPU
		{C8DB1847-F27D-431B-BECC-57A4A40DAD3E}.Release|Any CPU.Build.0 = Release|Any CPU
	EndGlobalSection
	GlobalSection(SolutionProperties) = preSolution
		HideSolutionNode = FALSE
	EndGlobalSection
	GlobalSection(ExtensibilityGlobals) = postSolution
		SolutionGuid = {28D5FFCA-CBA5-4DB0-AFBA-668A060783E7}
	EndGlobalSection
EndGlobal
