
Microsoft Visual Studio Solution File, Format Version 12.00
# Visual Studio Version 17
VisualStudioVersion = 17.3.32825.248
MinimumVisualStudioVersion = 10.0.40219.1
Project("{FAE04EC0-301F-11D3-BF4B-00C04F79EFBC}") = "SqlConnectionWPF", "SqlConnectionWPF.csproj", "{57470F22-E7C1-4622-83A6-478FBCE3E879}"
EndProject
Global
	GlobalSection(SolutionConfigurationPlatforms) = preSolution
		Debug|Any CPU = Debug|Any CPU
		Release|Any CPU = Release|Any CPU
	EndGlobalSection
	GlobalSection(ProjectConfigurationPlatforms) = postSolution
		{57470F22-E7C1-4622-83A6-478FBCE3E879}.Debug|Any CPU.ActiveCfg = Debug|Any CPU
		{57470F22-E7C1-4622-83A6-478FBCE3E879}.Debug|Any CPU.Build.0 = Debug|Any CPU
		{57470F22-E7C1-4622-83A6-478FBCE3E879}.Release|Any CPU.ActiveCfg = Release|Any CPU
		{57470F22-E7C1-4622-83A6-478FBCE3E879}.Release|Any CPU.Build.0 = Release|Any CPU
	EndGlobalSection
	GlobalSection(SolutionProperties) = preSolution
		HideSolutionNode = FALSE
	EndGlobalSection
	GlobalSection(ExtensibilityGlobals) = postSolution
		SolutionGuid = {9EE027EF-5BE6-454F-A6F1-A51C9A6279A8}
	EndGlobalSection
EndGlobal
